
Microsoft Visual Studio Solution File, Format Version 12.00
# Visual Studio Version 17
VisualStudioVersion = 17.4.33205.214
MinimumVisualStudioVersion = 10.0.40219.1
Project("{FAE04EC0-301F-11D3-BF4B-00C04F79EFBC}") = "WebApplicationPostgres", "WebApplicationPostgres\WebApplicationPostgres.csproj", "{01DCC858-A84C-4357-9652-80E82FD1044B}"
EndProject
Project("{FAE04EC0-301F-11D3-BF4B-00C04F79EFBC}") = "NetCoreWebApiPostgres.Data", "NetCoreWebApiPostgres.Data\NetCoreWebApiPostgres.Data.csproj", "{EE4FAC47-0D5D-4C61-B3E5-13CD3077C5C9}"
EndProject
Project("{FAE04EC0-301F-11D3-BF4B-00C04F79EFBC}") = "NetCoreWebApiPostgres.Model", "NetCoreWebApiPostgres.Model\NetCoreWebApiPostgres.Model.csproj", "{144AF439-8399-4639-9B9B-393AE3DED377}"
EndProject
Global
	GlobalSection(SolutionConfigurationPlatforms) = preSolution
		Debug|Any CPU = Debug|Any CPU
		Release|Any CPU = Release|Any CPU
	EndGlobalSection
	GlobalSection(ProjectConfigurationPlatforms) = postSolution
		{01DCC858-A84C-4357-9652-80E82FD1044B}.Debug|Any CPU.ActiveCfg = Debug|Any CPU
		{01DCC858-A84C-4357-9652-80E82FD1044B}.Debug|Any CPU.Build.0 = Debug|Any CPU
		{01DCC858-A84C-4357-9652-80E82FD1044B}.Release|Any CPU.ActiveCfg = Release|Any CPU
		{01DCC858-A84C-4357-9652-80E82FD1044B}.Release|Any CPU.Build.0 = Release|Any CPU
		{EE4FAC47-0D5D-4C61-B3E5-13CD3077C5C9}.Debug|Any CPU.ActiveCfg = Debug|Any CPU
		{EE4FAC47-0D5D-4C61-B3E5-13CD3077C5C9}.Debug|Any CPU.Build.0 = Debug|Any CPU
		{EE4FAC47-0D5D-4C61-B3E5-13CD3077C5C9}.Release|Any CPU.ActiveCfg = Release|Any CPU
		{EE4FAC47-0D5D-4C61-B3E5-13CD3077C5C9}.Release|Any CPU.Build.0 = Release|Any CPU
		{144AF439-8399-4639-9B9B-393AE3DED377}.Debug|Any CPU.ActiveCfg = Debug|Any CPU
		{144AF439-8399-4639-9B9B-393AE3DED377}.Debug|Any CPU.Build.0 = Debug|Any CPU
		{144AF439-8399-4639-9B9B-393AE3DED377}.Release|Any CPU.ActiveCfg = Release|Any CPU
		{144AF439-8399-4639-9B9B-393AE3DED377}.Release|Any CPU.Build.0 = Release|Any CPU
	EndGlobalSection
	GlobalSection(SolutionProperties) = preSolution
		HideSolutionNode = FALSE
	EndGlobalSection
	GlobalSection(ExtensibilityGlobals) = postSolution
		SolutionGuid = {3DD9FBE8-F198-4B33-99B6-167530B20469}
	EndGlobalSection
EndGlobal
